
Microsoft Visual Studio Solution File, Format Version 12.00
# Visual Studio 14
VisualStudioVersion = 14.0.23107.0
MinimumVisualStudioVersion = 10.0.40219.1
Project("{FAE04EC0-301F-11D3-BF4B-00C04F79EFBC}") = "StrategyPattern", "StrategyPattern\StrategyPattern.csproj", "{0C60C91F-B110-491D-891B-89975A315539}"
EndProject
Project("{FAE04EC0-301F-11D3-BF4B-00C04F79EFBC}") = "ObserverPattern", "ObserverPattern\ObserverPattern.csproj", "{D521FA1E-BC71-4FAF-8B31-62475FC07D4D}"
EndProject
Project("{FAE04EC0-301F-11D3-BF4B-00C04F79EFBC}") = "DecoratorPattern", "DecoratorPattern\DecoratorPattern.csproj", "{02CDCD3E-8954-4D5E-BA7C-FB858D5AE54B}"
EndProject
Project("{FAE04EC0-301F-11D3-BF4B-00C04F79EFBC}") = "FactoryMethodPattern", "FactoryMethodPattern\FactoryMethodPattern.csproj", "{886CC4C3-1AB7-496A-AADC-07C58B6D8906}"
EndProject
Project("{FAE04EC0-301F-11D3-BF4B-00C04F79EFBC}") = "AbstractFactoryPattern", "AbstractFactoryPattern\AbstractFactoryPattern.csproj", "{DEDC5A26-09FF-4418-91E1-2E7DADFE56B2}"
EndProject
Project("{FAE04EC0-301F-11D3-BF4B-00C04F79EFBC}") = "SingletonPattern", "SingletonPattern\SingletonPattern.csproj", "{1CAC6EB2-669D-43B0-A5A3-433D9E468F06}"
EndProject
Global
	GlobalSection(SolutionConfigurationPlatforms) = preSolution
		Debug|Any CPU = Debug|Any CPU
		Release|Any CPU = Release|Any CPU
	EndGlobalSection
	GlobalSection(ProjectConfigurationPlatforms) = postSolution
		{0C60C91F-B110-491D-891B-89975A315539}.Debug|Any CPU.ActiveCfg = Debug|Any CPU
		{0C60C91F-B110-491D-891B-89975A315539}.Debug|Any CPU.Build.0 = Debug|Any CPU
		{0C60C91F-B110-491D-891B-89975A315539}.Release|Any CPU.ActiveCfg = Release|Any CPU
		{0C60C91F-B110-491D-891B-89975A315539}.Release|Any CPU.Build.0 = Release|Any CPU
		{D521FA1E-BC71-4FAF-8B31-62475FC07D4D}.Debug|Any CPU.ActiveCfg = Debug|Any CPU
		{D521FA1E-BC71-4FAF-8B31-62475FC07D4D}.Debug|Any CPU.Build.0 = Debug|Any CPU
		{D521FA1E-BC71-4FAF-8B31-62475FC07D4D}.Release|Any CPU.ActiveCfg = Release|Any CPU
		{D521FA1E-BC71-4FAF-8B31-62475FC07D4D}.Release|Any CPU.Build.0 = Release|Any CPU
		{02CDCD3E-8954-4D5E-BA7C-FB858D5AE54B}.Debug|Any CPU.ActiveCfg = Debug|Any CPU
		{02CDCD3E-8954-4D5E-BA7C-FB858D5AE54B}.Debug|Any CPU.Build.0 = Debug|Any CPU
		{02CDCD3E-8954-4D5E-BA7C-FB858D5AE54B}.Release|Any CPU.ActiveCfg = Release|Any CPU
		{02CDCD3E-8954-4D5E-BA7C-FB858D5AE54B}.Release|Any CPU.Build.0 = Release|Any CPU
		{886CC4C3-1AB7-496A-AADC-07C58B6D8906}.Debug|Any CPU.ActiveCfg = Debug|Any CPU
		{886CC4C3-1AB7-496A-AADC-07C58B6D8906}.Debug|Any CPU.Build.0 = Debug|Any CPU
		{886CC4C3-1AB7-496A-AADC-07C58B6D8906}.Release|Any CPU.ActiveCfg = Release|Any CPU
		{886CC4C3-1AB7-496A-AADC-07C58B6D8906}.Release|Any CPU.Build.0 = Release|Any CPU
		{DEDC5A26-09FF-4418-91E1-2E7DADFE56B2}.Debug|Any CPU.ActiveCfg = Debug|Any CPU
		{DEDC5A26-09FF-4418-91E1-2E7DADFE56B2}.Debug|Any CPU.Build.0 = Debug|Any CPU
		{DEDC5A26-09FF-4418-91E1-2E7DADFE56B2}.Release|Any CPU.ActiveCfg = Release|Any CPU
		{DEDC5A26-09FF-4418-91E1-2E7DADFE56B2}.Release|Any CPU.Build.0 = Release|Any CPU
		{1CAC6EB2-669D-43B0-A5A3-433D9E468F06}.Debug|Any CPU.ActiveCfg = Debug|Any CPU
		{1CAC6EB2-669D-43B0-A5A3-433D9E468F06}.Debug|Any CPU.Build.0 = Debug|Any CPU
		{1CAC6EB2-669D-43B0-A5A3-433D9E468F06}.Release|Any CPU.ActiveCfg = Release|Any CPU
		{1CAC6EB2-669D-43B0-A5A3-433D9E468F06}.Release|Any CPU.Build.0 = Release|Any CPU
	EndGlobalSection
	GlobalSection(SolutionProperties) = preSolution
		HideSolutionNode = FALSE
	EndGlobalSection
EndGlobal
